{
  "name": "static",
  "version": "1.0.0",
  "lockfileVersion": 1,
  "requires": true,
  "dependencies": {
    "bootstrap": {
      "version": "4.5.3",
      "resolved": "https://registry.npm.taobao.org/bootstrap/download/bootstrap-4.5.3.tgz",
      "integrity": "sha1-xqcrNVqvMjkgvoACRqbk7zCZf+Y="
    },
    "jquery": {
      "version": "3.5.1",
      "resolved": "https://registry.npm.taobao.org/jquery/download/jquery-3.5.1.tgz",
      "integrity": "sha1-17TQjhv9uGrS8aPQOeoXMEcXq7U="
    },
    "xterm": {
      "version": "4.9.0",
      "resolved": "https://registry.npm.taobao.org/xterm/download/xterm-4.9.0.tgz",
      "integrity": "sha1-ekwJekM9VlM5tVM7Rou8YMbIeWk="
    }
  }
}
